<?xml version="1.0" encoding="UTF-8" standalone="yes" ?>
<CodeBlocks_project_file>
	<FileVersion major="1" minor="6" />
	<Project>
		<Option title="TRLanguage" />
		<Option pch_mode="2" />
		<Option compiler="gcc" />
		<Build>
			<Target title="Debug">
				<Option output="bin/Debug/TRLanguage" prefix_auto="1" extension_auto="1" />
				<Option object_output="obj/Debug/" />
				<Option type="1" />
				<Option compiler="gcc" />
				<Compiler>
					<Add option="-g" />
				</Compiler>
			</Target>
			<Target title="Release">
				<Option output="bin/Release/TRLanguage" prefix_auto="1" extension_auto="1" />
				<Option object_output="obj/Release/" />
				<Option type="1" />
				<Option compiler="gcc" />
				<Compiler>
					<Add option="-O2" />
				</Compiler>
				<Linker>
					<Add option="-s" />
				</Linker>
			</Target>
		</Build>
		<Compiler>
			<Add option="-Wall" />
			<Add option="-fexceptions" />
		</Compiler>
		<Unit filename="TrArr.h" />
		<Unit filename="TrBor.h" />
		<Unit filename="TrCompiler.h" />
		<Unit filename="TrFile.h" />
		<Unit filename="TrFrame.h" />
		<Unit filename="TrMachine.h" />
		<Unit filename="TrMath.h" />
		<Unit filename="TrObject.h" />
		<Unit filename="TrString.h" />
		<Unit filename="TrVar.h" />
		<Unit filename="TrVector.h" />
		<Unit filename="assign_functions.h" />
		<Unit filename="main.cpp" />
		<Unit filename="skip_functions.h" />
		<Extensions>
			<code_completion />
			<envvars />
			<debugger />
			<lib_finder disable_auto="1" />
		</Extensions>
	</Project>
</CodeBlocks_project_file>
